
Microsoft Visual Studio Solution File, Format Version 12.00
# Visual Studio Version 17
VisualStudioVersion = 17.11.35222.181
MinimumVisualStudioVersion = 10.0.40219.1
Project("{8BC9CEB8-8B4A-11D0-8D11-00A0C91BC942}") = "lab03", "lab03.vcxproj", "{F18FDD63-0D40-4EBB-B0D6-4C83D638FF1B}"
EndProject
Global
	GlobalSection(SolutionConfigurationPlatforms) = preSolution
		Debug|x64 = Debug|x64
		Debug|x86 = Debug|x86
		Release|x64 = Release|x64
		Release|x86 = Release|x86
	EndGlobalSection
	GlobalSection(ProjectConfigurationPlatforms) = postSolution
		{F18FDD63-0D40-4EBB-B0D6-4C83D638FF1B}.Debug|x64.ActiveCfg = Debug|x64
		{F18FDD63-0D40-4EBB-B0D6-4C83D638FF1B}.Debug|x64.Build.0 = Debug|x64
		{F18FDD63-0D40-4EBB-B0D6-4C83D638FF1B}.Debug|x86.ActiveCfg = Debug|Win32
		{F18FDD63-0D40-4EBB-B0D6-4C83D638FF1B}.Debug|x86.Build.0 = Debug|Win32
		{F18FDD63-0D40-4EBB-B0D6-4C83D638FF1B}.Release|x64.ActiveCfg = Release|x64
		{F18FDD63-0D40-4EBB-B0D6-4C83D638FF1B}.Release|x64.Build.0 = Release|x64
		{F18FDD63-0D40-4EBB-B0D6-4C83D638FF1B}.Release|x86.ActiveCfg = Release|Win32
		{F18FDD63-0D40-4EBB-B0D6-4C83D638FF1B}.Release|x86.Build.0 = Release|Win32
	EndGlobalSection
	GlobalSection(SolutionProperties) = preSolution
		HideSolutionNode = FALSE
	EndGlobalSection
	GlobalSection(ExtensibilityGlobals) = postSolution
		SolutionGuid = {4F3E0CD2-5776-4D3B-A1A0-195C5E19A99F}
	EndGlobalSection
EndGlobal
